
Microsoft Visual Studio Solution File, Format Version 12.00
# Visual Studio Version 17
VisualStudioVersion = 17.10.35201.131
MinimumVisualStudioVersion = 10.0.40219.1
Project("{9A19103F-16F7-4668-BE54-9A1E7A4F7556}") = "Anagram", "Anagram\Anagram.csproj", "{977FE331-AD44-4101-933A-367FE49820D4}"
EndProject
Project("{FAE04EC0-301F-11D3-BF4B-00C04F79EFBC}") = "Anagram.Test.UnitTesting.NUnit", "Anagram.Test.UnitTesting.NUnit\Anagram.Test.UnitTesting.NUnit.csproj", "{AC53F4D1-AD25-465F-9C37-11F36CF8E8CF}"
EndProject
Global
	GlobalSection(SolutionConfigurationPlatforms) = preSolution
		Debug|Any CPU = Debug|Any CPU
		Release|Any CPU = Release|Any CPU
	EndGlobalSection
	GlobalSection(ProjectConfigurationPlatforms) = postSolution
		{977FE331-AD44-4101-933A-367FE49820D4}.Debug|Any CPU.ActiveCfg = Debug|Any CPU
		{977FE331-AD44-4101-933A-367FE49820D4}.Debug|Any CPU.Build.0 = Debug|Any CPU
		{977FE331-AD44-4101-933A-367FE49820D4}.Release|Any CPU.ActiveCfg = Release|Any CPU
		{977FE331-AD44-4101-933A-367FE49820D4}.Release|Any CPU.Build.0 = Release|Any CPU
		{AC53F4D1-AD25-465F-9C37-11F36CF8E8CF}.Debug|Any CPU.ActiveCfg = Debug|Any CPU
		{AC53F4D1-AD25-465F-9C37-11F36CF8E8CF}.Debug|Any CPU.Build.0 = Debug|Any CPU
		{AC53F4D1-AD25-465F-9C37-11F36CF8E8CF}.Release|Any CPU.ActiveCfg = Release|Any CPU
		{AC53F4D1-AD25-465F-9C37-11F36CF8E8CF}.Release|Any CPU.Build.0 = Release|Any CPU
	EndGlobalSection
	GlobalSection(SolutionProperties) = preSolution
		HideSolutionNode = FALSE
	EndGlobalSection
	GlobalSection(ExtensibilityGlobals) = postSolution
		SolutionGuid = {5951D819-2DBE-414D-85A0-48E50CD9BF02}
	EndGlobalSection
EndGlobal
